
Microsoft Visual Studio Solution File, Format Version 12.00
# Visual Studio Version 17
VisualStudioVersion = 17.5.33502.453
MinimumVisualStudioVersion = 10.0.40219.1
Project("{FAE04EC0-301F-11D3-BF4B-00C04F79EFBC}") = "PRN211_Project", "PRN211_Project\PRN211_Project.csproj", "{939C3220-8B52-465E-929D-514DC06FDE7B}"
EndProject
Global
	GlobalSection(SolutionConfigurationPlatforms) = preSolution
		Debug|Any CPU = Debug|Any CPU
		Release|Any CPU = Release|Any CPU
	EndGlobalSection
	GlobalSection(ProjectConfigurationPlatforms) = postSolution
		{939C3220-8B52-465E-929D-514DC06FDE7B}.Debug|Any CPU.ActiveCfg = Debug|Any CPU
		{939C3220-8B52-465E-929D-514DC06FDE7B}.Debug|Any CPU.Build.0 = Debug|Any CPU
		{939C3220-8B52-465E-929D-514DC06FDE7B}.Release|Any CPU.ActiveCfg = Release|Any CPU
		{939C3220-8B52-465E-929D-514DC06FDE7B}.Release|Any CPU.Build.0 = Release|Any CPU
	EndGlobalSection
	GlobalSection(SolutionProperties) = preSolution
		HideSolutionNode = FALSE
	EndGlobalSection
	GlobalSection(ExtensibilityGlobals) = postSolution
		SolutionGuid = {2916DF2F-D07A-4421-A57E-7D813B1C4768}
	EndGlobalSection
EndGlobal
